# This file is automatically @generated by Cargo.
# It is not intended for manual editing.
version = 4

[[package]]
name = "hypellm-adapters"
version = "1.0.0"
dependencies = [
 "hypellm-adapters",
 "hypellm-core",
 "hypellm-test-corpus",
 "wire-json",
 "wire-sse",
]

[[package]]
name = "hypellm-admin-api"
version = "1.0.0"
dependencies = [
 "hypellm-auth",
 "hypellm-config",
 "hypellm-core",
 "hypellm-crypto",
 "hypellm-fleet",
 "hypellm-store",
 "hypellm-telemetry",
 "hypellm-test-corpus",
 "wire-http1",
 "wire-json",
]

[[package]]
name = "hypellm-auth"
version = "1.0.0"
dependencies = [
 "hypellm-core",
 "hypellm-crypto",
 "wire-json",
]

[[package]]
name = "hypellm-bench"
version = "1.0.0"
dependencies = [
 "hypellm-adapters",
 "hypellm-core",
 "hypellm-router",
]

[[package]]
name = "hypellm-config"
version = "1.0.0"
dependencies = [
 "hypellm-core",
 "hypellm-crypto",
 "hypellm-fleet",
 "hypellm-test-corpus",
]

[[package]]
name = "hypellm-core"
version = "1.0.0"
dependencies = [
 "hypellm-crypto",
]

[[package]]
name = "hypellm-crypto"
version = "1.0.0"

[[package]]
name = "hypellm-devtools"
version = "1.0.0"
dependencies = [
 "hypellm-crypto",
]

[[package]]
name = "hypellm-fleet"
version = "1.0.0"
dependencies = [
 "hypellm-core",
 "hypellm-crypto",
 "hypellm-test-corpus",
 "wire-json",
]

[[package]]
name = "hypellm-net"
version = "1.0.0"
dependencies = [
 "hypellm-auth",
 "hypellm-core",
 "hypellm-crypto",
 "hypellm-fleet",
 "hypellm-net",
 "hypellm-store",
 "wire-http1",
 "wire-json",
 "wire-sse",
]

[[package]]
name = "hypellm-router"
version = "1.0.0"
dependencies = [
 "hypellm-adapters",
 "hypellm-admin-api",
 "hypellm-auth",
 "hypellm-config",
 "hypellm-core",
 "hypellm-crypto",
 "hypellm-fleet",
 "hypellm-net",
 "hypellm-router",
 "hypellm-store",
 "hypellm-telemetry",
 "hypellm-test-corpus",
 "wire-http1",
 "wire-json",
 "wire-sse",
]

[[package]]
name = "hypellm-store"
version = "1.0.0"
dependencies = [
 "hypellm-core",
 "hypellm-crypto",
 "hypellm-store",
 "hypellm-test-corpus",
 "wire-json",
]

[[package]]
name = "hypellm-telemetry"
version = "1.0.0"
dependencies = [
 "hypellm-core",
 "hypellm-crypto",
 "hypellm-telemetry",
 "wire-json",
]

[[package]]
name = "hypellm-test-corpus"
version = "1.0.0"

[[package]]
name = "wire-http1"
version = "1.0.0"
dependencies = [
 "hypellm-test-corpus",
]

[[package]]
name = "wire-json"
version = "1.0.0"
dependencies = [
 "hypellm-test-corpus",
]

[[package]]
name = "wire-sse"
version = "1.0.0"
dependencies = [
 "hypellm-test-corpus",
]
